// !$*UTF8*$!
{
	archiveVersion = 1;
	classes = {
	};
	objectVersion = 46;
	objects = {

/* Begin PBXBuildFile section */
		EA72B3F21DE4E4DA00810F14 /* AppDelegate.swift in Sources */ = {isa = PBXBuildFile; fileRef = EA72B3F11DE4E4DA00810F14 /* AppDelegate.swift */; };
		EA72B3F71DE4E4DA00810F14 /* Main.storyboard in Resources */ = {isa = PBXBuildFile; fileRef = EA72B3F51DE4E4DA00810F14 /* Main.storyboard */; };
		EA72B3F91DE4E4DA00810F14 /* Assets.xcassets in Resources */ = {isa = PBXBuildFile; fileRef = EA72B3F81DE4E4DA00810F14 /* Assets.xcassets */; };
		EA72B3FC1DE4E4DA00810F14 /* LaunchScreen.storyboard in Resources */ = {isa = PBXBuildFile; fileRef = EA72B3FA1DE4E4DA00810F14 /* LaunchScreen.storyboard */; };
		EA72B4051DE4E59700810F14 /* TweetTableViewController.swift in Sources */ = {isa = PBXBuildFile; fileRef = EA72B4041DE4E59700810F14 /* TweetTableViewController.swift */; };
		EA72B4181DE631A500810F14 /* Twitter.framework in Frameworks */ = {isa = PBXBuildFile; fileRef = EA72B4171DE631A500810F14 /* Twitter.framework */; };
		EA72B4191DE631A500810F14 /* Twitter.framework in Embed Frameworks */ = {isa = PBXBuildFile; fileRef = EA72B4171DE631A500810F14 /* Twitter.framework */; settings = {ATTRIBUTES = (CodeSignOnCopy, RemoveHeadersOnCopy, ); }; };
		EA72B41B1DE64E1500810F14 /* TweetTableViewCell.swift in Sources */ = {isa = PBXBuildFile; fileRef = EA72B41A1DE64E1500810F14 /* TweetTableViewCell.swift */; };
		EAE73BF41DE8DD8D00A41C29 /* MentionsTableViewController.swift in Sources */ = {isa = PBXBuildFile; fileRef = EAE73BF31DE8DD8D00A41C29 /* MentionsTableViewController.swift */; };
/* End PBXBuildFile section */

/* Begin PBXCopyFilesBuildPhase section */
		EA72B4161DE6311C00810F14 /* Embed Frameworks */ = {
			isa = PBXCopyFilesBuildPhase;
			buildActionMask = 2147483647;
			dstPath = "";
			dstSubfolderSpec = 10;
			files = (
				EA72B4191DE631A500810F14 /* Twitter.framework in Embed Frameworks */,
			);
			name = "Embed Frameworks";
			runOnlyForDeploymentPostprocessing = 0;
		};
/* End PBXCopyFilesBuildPhase section */

/* Begin PBXFileReference section */
		EA72B3EE1DE4E4DA00810F14 /* Smashtag.app */ = {isa = PBXFileReference; explicitFileType = wrapper.application; includeInIndex = 0; path = Smashtag.app; sourceTree = BUILT_PRODUCTS_DIR; };
		EA72B3F11DE4E4DA00810F14 /* AppDelegate.swift */ = {isa = PBXFileReference; lastKnownFileType = sourcecode.swift; path = AppDelegate.swift; sourceTree = "<group>"; };
		EA72B3F61DE4E4DA00810F14 /* Base */ = {isa = PBXFileReference; lastKnownFileType = file.storyboard; name = Base; path = Base.lproj/Main.storyboard; sourceTree = "<group>"; };
		EA72B3F81DE4E4DA00810F14 /* Assets.xcassets */ = {isa = PBXFileReference; lastKnownFileType = folder.assetcatalog; path = Assets.xcassets; sourceTree = "<group>"; };
		EA72B3FB1DE4E4DA00810F14 /* Base */ = {isa = PBXFileReference; lastKnownFileType = file.storyboard; name = Base; path = Base.lproj/LaunchScreen.storyboard; sourceTree = "<group>"; };
		EA72B3FD1DE4E4DA00810F14 /* Info.plist */ = {isa = PBXFileReference; lastKnownFileType = text.plist.xml; path = Info.plist; sourceTree = "<group>"; };
		EA72B4041DE4E59700810F14 /* TweetTableViewController.swift */ = {isa = PBXFileReference; fileEncoding = 4; lastKnownFileType = sourcecode.swift; path = TweetTableViewController.swift; sourceTree = "<group>"; };
		EA72B4171DE631A500810F14 /* Twitter.framework */ = {isa = PBXFileReference; explicitFileType = wrapper.framework; path = Twitter.framework; sourceTree = BUILT_PRODUCTS_DIR; };
		EA72B41A1DE64E1500810F14 /* TweetTableViewCell.swift */ = {isa = PBXFileReference; fileEncoding = 4; lastKnownFileType = sourcecode.swift; path = TweetTableViewCell.swift; sourceTree = "<group>"; };
		EAE73BF31DE8DD8D00A41C29 /* MentionsTableViewController.swift */ = {isa = PBXFileReference; fileEncoding = 4; lastKnownFileType = sourcecode.swift; path = MentionsTableViewController.swift; sourceTree = "<group>"; };
/* End PBXFileReference section */

/* Begin PBXFrameworksBuildPhase section */
		EA72B3EB1DE4E4DA00810F14 /* Frameworks */ = {
			isa = PBXFrameworksBuildPhase;
			buildActionMask = 2147483647;
			files = (
				EA72B4181DE631A500810F14 /* Twitter.framework in Frameworks */,
			);
			runOnlyForDeploymentPostprocessing = 0;
		};
/* End PBXFrameworksBuildPhase section */

/* Begin PBXGroup section */
		EA101CA11DEB7DC700D50A27 /* Custom TableView Cells */ = {
			isa = PBXGroup;
			children = (
				EA72B41A1DE64E1500810F14 /* TweetTableViewCell.swift */,
			);
			name = "Custom TableView Cells";
			sourceTree = "<group>";
		};
		EA72B3E51DE4E4D900810F14 = {
			isa = PBXGroup;
			children = (
				EA72B4171DE631A500810F14 /* Twitter.framework */,
				EA72B3F01DE4E4DA00810F14 /* Smashtag */,
				EA72B3EF1DE4E4DA00810F14 /* Products */,
			);
			sourceTree = "<group>";
		};
		EA72B3EF1DE4E4DA00810F14 /* Products */ = {
			isa = PBXGroup;
			children = (
				EA72B3EE1DE4E4DA00810F14 /* Smashtag.app */,
			);
			name = Products;
			sourceTree = "<group>";
		};
		EA72B3F01DE4E4DA00810F14 /* Smashtag */ = {
			isa = PBXGroup;
			children = (
				EA72B3F51DE4E4DA00810F14 /* Main.storyboard */,
				EA72B4041DE4E59700810F14 /* TweetTableViewController.swift */,
				EAE73BF31DE8DD8D00A41C29 /* MentionsTableViewController.swift */,
				EA101CA11DEB7DC700D50A27 /* Custom TableView Cells */,
				EA72B4031DE4E51900810F14 /* Supporting files */,
			);
			path = Smashtag;
			sourceTree = "<group>";
		};
		EA72B4031DE4E51900810F14 /* Supporting files */ = {
			isa = PBXGroup;
			children = (
				EA72B3F11DE4E4DA00810F14 /* AppDelegate.swift */,
				EA72B3F81DE4E4DA00810F14 /* Assets.xcassets */,
				EA72B3FA1DE4E4DA00810F14 /* LaunchScreen.storyboard */,
				EA72B3FD1DE4E4DA00810F14 /* Info.plist */,
			);
			name = "Supporting files";
			sourceTree = "<group>";
		};
/* End PBXGroup section */

/* Begin PBXNativeTarget section */
		EA72B3ED1DE4E4DA00810F14 /* Smashtag */ = {
			isa = PBXNativeTarget;
			buildConfigurationList = EA72B4001DE4E4DA00810F14 /* Build configuration list for PBXNativeTarget "Smashtag" */;
			buildPhases = (
				EA72B3EA1DE4E4DA00810F14 /* Sources */,
				EA72B3EB1DE4E4DA00810F14 /* Frameworks */,
				EA72B3EC1DE4E4DA00810F14 /* Resources */,
				EA72B4161DE6311C00810F14 /* Embed Frameworks */,
			);
			buildRules = (
			);
			dependencies = (
			);
			name = Smashtag;
			productName = Smashtag;
			productReference = EA72B3EE1DE4E4DA00810F14 /* Smashtag.app */;
			productType = "com.apple.product-type.application";
		};
/* End PBXNativeTarget section */

/* Begin PBXProject section */
		EA72B3E61DE4E4DA00810F14 /* Project object */ = {
			isa = PBXProject;
			attributes = {
				LastSwiftUpdateCheck = 0800;
				LastUpgradeCheck = 0800;
				ORGANIZATIONNAME = lalitote;
				TargetAttributes = {
					EA72B3ED1DE4E4DA00810F14 = {
						CreatedOnToolsVersion = 8.0;
						ProvisioningStyle = Automatic;
					};
				};
			};
			buildConfigurationList = EA72B3E91DE4E4DA00810F14 /* Build configuration list for PBXProject "Smashtag" */;
			compatibilityVersion = "Xcode 3.2";
			developmentRegion = English;
			hasScannedForEncodings = 0;
			knownRegions = (
				en,
				Base,
			);
			mainGroup = EA72B3E51DE4E4D900810F14;
			productRefGroup = EA72B3EF1DE4E4DA00810F14 /* Products */;
			projectDirPath = "";
			projectRoot = "";
			targets = (
				EA72B3ED1DE4E4DA00810F14 /* Smashtag */,
			);
		};
/* End PBXProject section */

/* Begin PBXResourcesBuildPhase section */
		EA72B3EC1DE4E4DA00810F14 /* Resources */ = {
			isa = PBXResourcesBuildPhase;
			buildActionMask = 2147483647;
			files = (
				EA72B3FC1DE4E4DA00810F14 /* LaunchScreen.storyboard in Resources */,
				EA72B3F91DE4E4DA00810F14 /* Assets.xcassets in Resources */,
				EA72B3F71DE4E4DA00810F14 /* Main.storyboard in Resources */,
			);
			runOnlyForDeploymentPostprocessing = 0;
		};
/* End PBXResourcesBuildPhase section */

/* Begin PBXSourcesBuildPhase section */
		EA72B3EA1DE4E4DA00810F14 /* Sources */ = {
			isa = PBXSourcesBuildPhase;
			buildActionMask = 2147483647;
			files = (
				EAE73BF41DE8DD8D00A41C29 /* MentionsTableViewController.swift in Sources */,
				EA72B3F21DE4E4DA00810F14 /* AppDelegate.swift in Sources */,
				EA72B4051DE4E59700810F14 /* TweetTableViewController.swift in Sources */,
				EA72B41B1DE64E1500810F14 /* TweetTableViewCell.swift in Sources */,
			);
			runOnlyForDeploymentPostprocessing = 0;
		};
/* End PBXSourcesBuildPhase section */

/* Begin PBXVariantGroup section */
		EA72B3F51DE4E4DA00810F14 /* Main.storyboard */ = {
			isa = PBXVariantGroup;
			children = (
				EA72B3F61DE4E4DA00810F14 /* Base */,
			);
			name = Main.storyboard;
			sourceTree = "<group>";
		};
		EA72B3FA1DE4E4DA00810F14 /* LaunchScreen.storyboard */ = {
			isa = PBXVariantGroup;
			children = (
				EA72B3FB1DE4E4DA00810F14 /* Base */,
			);
			name = LaunchScreen.storyboard;
			sourceTree = "<group>";
		};
/* End PBXVariantGroup section */

/* Begin XCBuildConfiguration section */
		EA72B3FE1DE4E4DA00810F14 /* Debug */ = {
			isa = XCBuildConfiguration;
			buildSettings = {
				ALWAYS_SEARCH_USER_PATHS = NO;
				CLANG_ANALYZER_NONNULL = YES;
				CLANG_CXX_LANGUAGE_STANDARD = "gnu++0x";
				CLANG_CXX_LIBRARY = "libc++";
				CLANG_ENABLE_MODULES = YES;
				CLANG_ENABLE_OBJC_ARC = YES;
				CLANG_WARN_BOOL_CONVERSION = YES;
				CLANG_WARN_CONSTANT_CONVERSION = YES;
				CLANG_WARN_DIRECT_OBJC_ISA_USAGE = YES_ERROR;
				CLANG_WARN_DOCUMENTATION_COMMENTS = YES;
				CLANG_WARN_EMPTY_BODY = YES;
				CLANG_WARN_ENUM_CONVERSION = YES;
				CLANG_WARN_INFINITE_RECURSION = YES;
				CLANG_WARN_INT_CONVERSION = YES;
				CLANG_WARN_OBJC_ROOT_CLASS = YES_ERROR;
				CLANG_WARN_SUSPICIOUS_MOVES = YES;
				CLANG_WARN_UNREACHABLE_CODE = YES;
				CLANG_WARN__DUPLICATE_METHOD_MATCH = YES;
				"CODE_SIGN_IDENTITY[sdk=iphoneos*]" = "iPhone Developer";
				COPY_PHASE_STRIP = NO;
				DEBUG_INFORMATION_FORMAT = dwarf;
				ENABLE_STRICT_OBJC_MSGSEND = YES;
				ENABLE_TESTABILITY = YES;
				GCC_C_LANGUAGE_STANDARD = gnu99;
				GCC_DYNAMIC_NO_PIC = NO;
				GCC_NO_COMMON_BLOCKS = YES;
				GCC_OPTIMIZATION_LEVEL = 0;
				GCC_PREPROCESSOR_DEFINITIONS = (
					"DEBUG=1",
					"$(inherited)",
				);
				GCC_WARN_64_TO_32_BIT_CONVERSION = YES;
				GCC_WARN_ABOUT_RETURN_TYPE = YES_ERROR;
				GCC_WARN_UNDECLARED_SELECTOR = YES;
				GCC_WARN_UNINITIALIZED_AUTOS = YES_AGGRESSIVE;
				GCC_WARN_UNUSED_FUNCTION = YES;
				GCC_WARN_UNUSED_VARIABLE = YES;
				IPHONEOS_DEPLOYMENT_TARGET = 10.0;
				MTL_ENABLE_DEBUG_INFO = YES;
				ONLY_ACTIVE_ARCH = YES;
				SDKROOT = iphoneos;
				SWIFT_ACTIVE_COMPILATION_CONDITIONS = DEBUG;
				SWIFT_OPTIMIZATION_LEVEL = "-Onone";
			};
			name = Debug;
		};
		EA72B3FF1DE4E4DA00810F14 /* Release */ = {
			isa = XCBuildConfiguration;
			buildSettings = {
				ALWAYS_SEARCH_USER_PATHS = NO;
				CLANG_ANALYZER_NONNULL = YES;
				CLANG_CXX_LANGUAGE_STANDARD = "gnu++0x";
				CLANG_CXX_LIBRARY = "libc++";
				CLANG_ENABLE_MODULES = YES;
				CLANG_ENABLE_OBJC_ARC = YES;
				CLANG_WARN_BOOL_CONVERSION = YES;
				CLANG_WARN_CONSTANT_CONVERSION = YES;
				CLANG_WARN_DIRECT_OBJC_ISA_USAGE = YES_ERROR;
				CLANG_WARN_DOCUMENTATION_COMMENTS = YES;
				CLANG_WARN_EMPTY_BODY = YES;
				CLANG_WARN_ENUM_CONVERSION = YES;
				CLANG_WARN_INFINITE_RECURSION = YES;
				CLANG_WARN_INT_CONVERSION = YES;
				CLANG_WARN_OBJC_ROOT_CLASS = YES_ERROR;
				CLANG_WARN_SUSPICIOUS_MOVES = YES;
				CLANG_WARN_UNREACHABLE_CODE = YES;
				CLANG_WARN__DUPLICATE_METHOD_MATCH = YES;
				"CODE_SIGN_IDENTITY[sdk=iphoneos*]" = "iPhone Developer";
				COPY_PHASE_STRIP = NO;
				DEBUG_INFORMATION_FORMAT = "dwarf-with-dsym";
				ENABLE_NS_ASSERTIONS = NO;
				ENABLE_STRICT_OBJC_MSGSEND = YES;
				GCC_C_LANGUAGE_STANDARD = gnu99;
				GCC_NO_COMMON_BLOCKS = YES;
				GCC_WARN_64_TO_32_BIT_CONVERSION = YES;
				GCC_WARN_ABOUT_RETURN_TYPE = YES_ERROR;
				GCC_WARN_UNDECLARED_SELECTOR = YES;
				GCC_WARN_UNINITIALIZED_AUTOS = YES_AGGRESSIVE;
				GCC_WARN_UNUSED_FUNCTION = YES;
				GCC_WARN_UNUSED_VARIABLE = YES;
				IPHONEOS_DEPLOYMENT_TARGET = 10.0;
				MTL_ENABLE_DEBUG_INFO = NO;
				SDKROOT = iphoneos;
				SWIFT_OPTIMIZATION_LEVEL = "-Owholemodule";
				VALIDATE_PRODUCT = YES;
			};
			name = Release;
		};
		EA72B4011DE4E4DA00810F14 /* Debug */ = {
			isa = XCBuildConfiguration;
			buildSettings = {
				ASSETCATALOG_COMPILER_APPICON_NAME = AppIcon;
				DEVELOPMENT_TEAM = "";
				INFOPLIST_FILE = Smashtag/Info.plist;
				LD_RUNPATH_SEARCH_PATHS = "$(inherited) @executable_path/Frameworks";
				PRODUCT_BUNDLE_IDENTIFIER = com.lalitote.Smashtag;
				PRODUCT_NAME = "$(TARGET_NAME)";
				SWIFT_VERSION = 3.0;
			};
			name = Debug;
		};
		EA72B4021DE4E4DA00810F14 /* Release */ = {
			isa = XCBuildConfiguration;
			buildSettings = {
				ASSETCATALOG_COMPILER_APPICON_NAME = AppIcon;
				DEVELOPMENT_TEAM = "";
				INFOPLIST_FILE = Smashtag/Info.plist;
				LD_RUNPATH_SEARCH_PATHS = "$(inherited) @executable_path/Frameworks";
				PRODUCT_BUNDLE_IDENTIFIER = com.lalitote.Smashtag;
				PRODUCT_NAME = "$(TARGET_NAME)";
				SWIFT_VERSION = 3.0;
			};
			name = Release;
		};
/* End XCBuildConfiguration section */

/* Begin XCConfigurationList section */
		EA72B3E91DE4E4DA00810F14 /* Build configuration list for PBXProject "Smashtag" */ = {
			isa = XCConfigurationList;
			buildConfigurations = (
				EA72B3FE1DE4E4DA00810F14 /* Debug */,
				EA72B3FF1DE4E4DA00810F14 /* Release */,
			);
			defaultConfigurationIsVisible = 0;
			defaultConfigurationName = Release;
		};
		EA72B4001DE4E4DA00810F14 /* Build configuration list for PBXNativeTarget "Smashtag" */ = {
			isa = XCConfigurationList;
			buildConfigurations = (
				EA72B4011DE4E4DA00810F14 /* Debug */,
				EA72B4021DE4E4DA00810F14 /* Release */,
			);
			defaultConfigurationIsVisible = 0;
			defaultConfigurationName = Release;
		};
/* End XCConfigurationList section */
	};
	rootObject = EA72B3E61DE4E4DA00810F14 /* Project object */;
}
